<?xml version="1.0" encoding="utf-8"?>
<Project ToolsVersion="4.0" xmlns="http://schemas.microsoft.com/developer/msbuild/2003">
  <ItemGroup>
    <Filter Include="源文件">
      <UniqueIdentifier>{4FC737F1-C7A5-4376-A066-2A32D752A2FF}</UniqueIdentifier>
      <Extensions>cpp;c;cc;cxx;c++;cppm;ixx;def;odl;idl;hpj;bat;asm;asmx</Extensions>
    </Filter>
    <Filter Include="头文件">
      <UniqueIdentifier>{93995380-89BD-4b04-88EB-625FBE52EBFB}</UniqueIdentifier>
      <Extensions>h;hh;hpp;hxx;h++;hm;inl;inc;ipp;xsd</Extensions>
    </Filter>
    <Filter Include="资源文件">
      <UniqueIdentifier>{67DA6AB6-F800-4c08-8B7A-83BB121AAD01}</UniqueIdentifier>
      <Extensions>rc;ico;cur;bmp;dlg;rc2;rct;bin;rgs;gif;jpg;jpeg;jpe;resx;tiff;tif;png;wav;mfcribbon-ms</Extensions>
    </Filter>
    <Filter Include="tools">
      <UniqueIdentifier>{4bddce6a-b166-46a7-8687-c96296b06787}</UniqueIdentifier>
    </Filter>
    <Filter Include="lib">
      <UniqueIdentifier>{1cdfe5f0-b855-4973-b59b-9ed52d32f785}</UniqueIdentifier>
    </Filter>
    <Filter Include="lib\engine">
      <UniqueIdentifier>{04e47f77-e937-4fb9-9f1d-86a62419c543}</UniqueIdentifier>
    </Filter>
  </ItemGroup>
  <ItemGroup>
    <ClCompile Include="src\lsApp.cpp">
      <Filter>源文件</Filter>
    </ClCompile>
    <ClCompile Include="src\lsFrame.cpp">
      <Filter>源文件</Filter>
    </ClCompile>
    <ClCompile Include="src\lsCanvas.cpp">
      <Filter>源文件</Filter>
    </ClCompile>
    <ClCompile Include="src\tools\lsRandom.cpp">
      <Filter>tools</Filter>
    </ClCompile>
    <ClCompile Include="src\lib\engine\lsVector.cpp">
      <Filter>lib\engine</Filter>
    </ClCompile>
    <ClCompile Include="src\lib\engine\lsPoint.cpp">
      <Filter>lib\engine</Filter>
    </ClCompile>
    <ClCompile Include="src\lib\engine\lsLine.cpp">
      <Filter>lib\engine</Filter>
    </ClCompile>
  </ItemGroup>
  <ItemGroup>
    <ClInclude Include="src\lsApp.h">
      <Filter>源文件</Filter>
    </ClInclude>
    <ClInclude Include="src\lsCommon.h">
      <Filter>源文件</Filter>
    </ClInclude>
    <ClInclude Include="src\lsFrame.h">
      <Filter>源文件</Filter>
    </ClInclude>
    <ClInclude Include="src\lsCanvas.h">
      <Filter>源文件</Filter>
    </ClInclude>
    <ClInclude Include="src\tools\lsRandom.h">
      <Filter>tools</Filter>
    </ClInclude>
    <ClInclude Include="src\lib\engine\lsVector.h">
      <Filter>lib\engine</Filter>
    </ClInclude>
    <ClInclude Include="src\lib\engine\lsPoint.h">
      <Filter>lib\engine</Filter>
    </ClInclude>
    <ClInclude Include="src\lib\engine\lsLine.h">
      <Filter>lib\engine</Filter>
    </ClInclude>
  </ItemGroup>
</Project>