<?xml version="1.0" encoding="utf-8"?>
<Project ToolsVersion="4.0" xmlns="http://schemas.microsoft.com/developer/msbuild/2003">
  <ItemGroup>
    <Filter Include="源文件">
      <UniqueIdentifier>{4FC737F1-C7A5-4376-A066-2A32D752A2FF}</UniqueIdentifier>
      <Extensions>cpp;c;cc;cxx;c++;cppm;ixx;def;odl;idl;hpj;bat;asm;asmx</Extensions>
    </Filter>
    <Filter Include="头文件">
      <UniqueIdentifier>{93995380-89BD-4b04-88EB-625FBE52EBFB}</UniqueIdentifier>
      <Extensions>h;hh;hpp;hxx;h++;hm;inl;inc;ipp;xsd</Extensions>
    </Filter>
    <Filter Include="资源文件">
      <UniqueIdentifier>{67DA6AB6-F800-4c08-8B7A-83BB121AAD01}</UniqueIdentifier>
      <Extensions>rc;ico;cur;bmp;dlg;rc2;rct;bin;rgs;gif;jpg;jpeg;jpe;resx;tiff;tif;png;wav;mfcribbon-ms</Extensions>
    </Filter>
    <Filter Include="src">
      <UniqueIdentifier>{13ad080e-3b49-453d-9bfe-4f766d8309b4}</UniqueIdentifier>
    </Filter>
    <Filter Include="inc">
      <UniqueIdentifier>{a7e48359-8f22-4b56-8244-505b7d3c7632}</UniqueIdentifier>
    </Filter>
    <Filter Include="3rdparty">
      <UniqueIdentifier>{2d7506ab-cf36-4f56-b930-767a3aa87ae7}</UniqueIdentifier>
    </Filter>
    <Filter Include="3rdparty\HiEasyX">
      <UniqueIdentifier>{bebce6d1-5979-476a-b165-fa0d5ecc9fcd}</UniqueIdentifier>
    </Filter>
  </ItemGroup>
  <ItemGroup>
    <ClCompile Include="main.cpp">
      <Filter>源文件</Filter>
    </ClCompile>
    <ClCompile Include="3rdparty\HiEasyX\HiEasyX\HiCanvas.cpp">
      <Filter>3rdparty\HiEasyX</Filter>
    </ClCompile>
    <ClCompile Include="3rdparty\HiEasyX\HiEasyX\HiContainer.cpp">
      <Filter>3rdparty\HiEasyX</Filter>
    </ClCompile>
    <ClCompile Include="3rdparty\HiEasyX\HiEasyX\HiDrawingProperty.cpp">
      <Filter>3rdparty\HiEasyX</Filter>
    </ClCompile>
    <ClCompile Include="3rdparty\HiEasyX\HiEasyX\HiFPS.cpp">
      <Filter>3rdparty\HiEasyX</Filter>
    </ClCompile>
    <ClCompile Include="3rdparty\HiEasyX\HiEasyX\HiFunc.cpp">
      <Filter>3rdparty\HiEasyX</Filter>
    </ClCompile>
    <ClCompile Include="3rdparty\HiEasyX\HiEasyX\HiGdiplus.cpp">
      <Filter>3rdparty\HiEasyX</Filter>
    </ClCompile>
    <ClCompile Include="3rdparty\HiEasyX\HiEasyX\HiGif.cpp">
      <Filter>3rdparty\HiEasyX</Filter>
    </ClCompile>
    <ClCompile Include="3rdparty\HiEasyX\HiEasyX\HiGUI\Button.cpp">
      <Filter>3rdparty\HiEasyX</Filter>
    </ClCompile>
    <ClCompile Include="3rdparty\HiEasyX\HiEasyX\HiGUI\ControlBase.cpp">
      <Filter>3rdparty\HiEasyX</Filter>
    </ClCompile>
    <ClCompile Include="3rdparty\HiEasyX\HiEasyX\HiGUI\Page.cpp">
      <Filter>3rdparty\HiEasyX</Filter>
    </ClCompile>
    <ClCompile Include="3rdparty\HiEasyX\HiEasyX\HiGUI\ProgressCtrl.cpp">
      <Filter>3rdparty\HiEasyX</Filter>
    </ClCompile>
    <ClCompile Include="3rdparty\HiEasyX\HiEasyX\HiGUI\ScrollBar.cpp">
      <Filter>3rdparty\HiEasyX</Filter>
    </ClCompile>
    <ClCompile Include="3rdparty\HiEasyX\HiEasyX\HiGUI\Static.cpp">
      <Filter>3rdparty\HiEasyX</Filter>
    </ClCompile>
    <ClCompile Include="3rdparty\HiEasyX\HiEasyX\HiIcon.cpp">
      <Filter>3rdparty\HiEasyX</Filter>
    </ClCompile>
    <ClCompile Include="3rdparty\HiEasyX\HiEasyX\HiMouseDrag.cpp">
      <Filter>3rdparty\HiEasyX</Filter>
    </ClCompile>
    <ClCompile Include="3rdparty\HiEasyX\HiEasyX\HiMusicMCI.cpp">
      <Filter>3rdparty\HiEasyX</Filter>
    </ClCompile>
    <ClCompile Include="3rdparty\HiEasyX\HiEasyX\HiStart.cpp">
      <Filter>3rdparty\HiEasyX</Filter>
    </ClCompile>
    <ClCompile Include="3rdparty\HiEasyX\HiEasyX\HiSysGUI\SysButton.cpp">
      <Filter>3rdparty\HiEasyX</Filter>
    </ClCompile>
    <ClCompile Include="3rdparty\HiEasyX\HiEasyX\HiSysGUI\SysCheckBox.cpp">
      <Filter>3rdparty\HiEasyX</Filter>
    </ClCompile>
    <ClCompile Include="3rdparty\HiEasyX\HiEasyX\HiSysGUI\SysComboBox.cpp">
      <Filter>3rdparty\HiEasyX</Filter>
    </ClCompile>
    <ClCompile Include="3rdparty\HiEasyX\HiEasyX\HiSysGUI\SysControlBase.cpp">
      <Filter>3rdparty\HiEasyX</Filter>
    </ClCompile>
    <ClCompile Include="3rdparty\HiEasyX\HiEasyX\HiSysGUI\SysEdit.cpp">
      <Filter>3rdparty\HiEasyX</Filter>
    </ClCompile>
    <ClCompile Include="3rdparty\HiEasyX\HiEasyX\HiSysGUI\SysGroup.cpp">
      <Filter>3rdparty\HiEasyX</Filter>
    </ClCompile>
    <ClCompile Include="3rdparty\HiEasyX\HiEasyX\HiSysGUI\SysGroupBox.cpp">
      <Filter>3rdparty\HiEasyX</Filter>
    </ClCompile>
    <ClCompile Include="3rdparty\HiEasyX\HiEasyX\HiSysGUI\SysRadioButton.cpp">
      <Filter>3rdparty\HiEasyX</Filter>
    </ClCompile>
    <ClCompile Include="3rdparty\HiEasyX\HiEasyX\HiSysGUI\SysStatic.cpp">
      <Filter>3rdparty\HiEasyX</Filter>
    </ClCompile>
    <ClCompile Include="3rdparty\HiEasyX\HiEasyX\HiWindow.cpp">
      <Filter>3rdparty\HiEasyX</Filter>
    </ClCompile>
  </ItemGroup>
  <ItemGroup>
    <ClInclude Include="3rdparty\HiEasyX\HiEasyX\HiCanvas.h">
      <Filter>3rdparty\HiEasyX</Filter>
    </ClInclude>
    <ClInclude Include="3rdparty\HiEasyX\HiEasyX\HiContainer.h">
      <Filter>3rdparty\HiEasyX</Filter>
    </ClInclude>
    <ClInclude Include="3rdparty\HiEasyX\HiEasyX\HiDef.h">
      <Filter>3rdparty\HiEasyX</Filter>
    </ClInclude>
    <ClInclude Include="3rdparty\HiEasyX\HiEasyX\HiDrawingProperty.h">
      <Filter>3rdparty\HiEasyX</Filter>
    </ClInclude>
    <ClInclude Include="3rdparty\HiEasyX\HiEasyX\HiFPS.h">
      <Filter>3rdparty\HiEasyX</Filter>
    </ClInclude>
    <ClInclude Include="3rdparty\HiEasyX\HiEasyX\HiFunc.h">
      <Filter>3rdparty\HiEasyX</Filter>
    </ClInclude>
    <ClInclude Include="3rdparty\HiEasyX\HiEasyX\HiGdiplus.h">
      <Filter>3rdparty\HiEasyX</Filter>
    </ClInclude>
    <ClInclude Include="3rdparty\HiEasyX\HiEasyX\HiGif.h">
      <Filter>3rdparty\HiEasyX</Filter>
    </ClInclude>
    <ClInclude Include="3rdparty\HiEasyX\HiEasyX\HiGUI\Button.h">
      <Filter>3rdparty\HiEasyX</Filter>
    </ClInclude>
    <ClInclude Include="3rdparty\HiEasyX\HiEasyX\HiGUI\ControlBase.h">
      <Filter>3rdparty\HiEasyX</Filter>
    </ClInclude>
    <ClInclude Include="3rdparty\HiEasyX\HiEasyX\HiGUI\HiGUI.h">
      <Filter>3rdparty\HiEasyX</Filter>
    </ClInclude>
    <ClInclude Include="3rdparty\HiEasyX\HiEasyX\HiGUI\Page.h">
      <Filter>3rdparty\HiEasyX</Filter>
    </ClInclude>
    <ClInclude Include="3rdparty\HiEasyX\HiEasyX\HiGUI\ProgressCtrl.h">
      <Filter>3rdparty\HiEasyX</Filter>
    </ClInclude>
    <ClInclude Include="3rdparty\HiEasyX\HiEasyX\HiGUI\ScrollBar.h">
      <Filter>3rdparty\HiEasyX</Filter>
    </ClInclude>
    <ClInclude Include="3rdparty\HiEasyX\HiEasyX\HiGUI\Static.h">
      <Filter>3rdparty\HiEasyX</Filter>
    </ClInclude>
    <ClInclude Include="3rdparty\HiEasyX\HiEasyX\HiIcon.h">
      <Filter>3rdparty\HiEasyX</Filter>
    </ClInclude>
    <ClInclude Include="3rdparty\HiEasyX\HiEasyX\HiMacro.h">
      <Filter>3rdparty\HiEasyX</Filter>
    </ClInclude>
    <ClInclude Include="3rdparty\HiEasyX\HiEasyX\HiMouseDrag.h">
      <Filter>3rdparty\HiEasyX</Filter>
    </ClInclude>
    <ClInclude Include="3rdparty\HiEasyX\HiEasyX\HiMusicMCI.h">
      <Filter>3rdparty\HiEasyX</Filter>
    </ClInclude>
    <ClInclude Include="3rdparty\HiEasyX\HiEasyX\HiStart.h">
      <Filter>3rdparty\HiEasyX</Filter>
    </ClInclude>
    <ClInclude Include="3rdparty\HiEasyX\HiEasyX\HiSysGUI\HiSysGUI.h">
      <Filter>3rdparty\HiEasyX</Filter>
    </ClInclude>
    <ClInclude Include="3rdparty\HiEasyX\HiEasyX\HiSysGUI\SysButton.h">
      <Filter>3rdparty\HiEasyX</Filter>
    </ClInclude>
    <ClInclude Include="3rdparty\HiEasyX\HiEasyX\HiSysGUI\SysCheckBox.h">
      <Filter>3rdparty\HiEasyX</Filter>
    </ClInclude>
    <ClInclude Include="3rdparty\HiEasyX\HiEasyX\HiSysGUI\SysComboBox.h">
      <Filter>3rdparty\HiEasyX</Filter>
    </ClInclude>
    <ClInclude Include="3rdparty\HiEasyX\HiEasyX\HiSysGUI\SysControlBase.h">
      <Filter>3rdparty\HiEasyX</Filter>
    </ClInclude>
    <ClInclude Include="3rdparty\HiEasyX\HiEasyX\HiSysGUI\SysEdit.h">
      <Filter>3rdparty\HiEasyX</Filter>
    </ClInclude>
    <ClInclude Include="3rdparty\HiEasyX\HiEasyX\HiSysGUI\SysGroup.h">
      <Filter>3rdparty\HiEasyX</Filter>
    </ClInclude>
    <ClInclude Include="3rdparty\HiEasyX\HiEasyX\HiSysGUI\SysGroupBox.h">
      <Filter>3rdparty\HiEasyX</Filter>
    </ClInclude>
    <ClInclude Include="3rdparty\HiEasyX\HiEasyX\HiSysGUI\SysRadioButton.h">
      <Filter>3rdparty\HiEasyX</Filter>
    </ClInclude>
    <ClInclude Include="3rdparty\HiEasyX\HiEasyX\HiSysGUI\SysStatic.h">
      <Filter>3rdparty\HiEasyX</Filter>
    </ClInclude>
    <ClInclude Include="3rdparty\HiEasyX\HiEasyX\HiWindow.h">
      <Filter>3rdparty\HiEasyX</Filter>
    </ClInclude>
    <ClInclude Include="3rdparty\HiEasyX\HiEasyX.h">
      <Filter>3rdparty\HiEasyX</Filter>
    </ClInclude>
  </ItemGroup>
</Project>